
Microsoft Visual Studio Solution File, Format Version 12.00
# Visual Studio Version 17
VisualStudioVersion = 17.2.32630.192
MinimumVisualStudioVersion = 10.0.40219.1
Project("{FAE04EC0-301F-11D3-BF4B-00C04F79EFBC}") = "Sort and Star", "Sort and Star\Sort and Star.csproj", "{CEC02A68-BBCB-4F33-86A8-0B32986A8354}"
EndProject
Global
	GlobalSection(SolutionConfigurationPlatforms) = preSolution
		Debug|Any CPU = Debug|Any CPU
		Release|Any CPU = Release|Any CPU
	EndGlobalSection
	GlobalSection(ProjectConfigurationPlatforms) = postSolution
		{CEC02A68-BBCB-4F33-86A8-0B32986A8354}.Debug|Any CPU.ActiveCfg = Debug|Any CPU
		{CEC02A68-BBCB-4F33-86A8-0B32986A8354}.Debug|Any CPU.Build.0 = Debug|Any CPU
		{CEC02A68-BBCB-4F33-86A8-0B32986A8354}.Release|Any CPU.ActiveCfg = Release|Any CPU
		{CEC02A68-BBCB-4F33-86A8-0B32986A8354}.Release|Any CPU.Build.0 = Release|Any CPU
	EndGlobalSection
	GlobalSection(SolutionProperties) = preSolution
		HideSolutionNode = FALSE
	EndGlobalSection
	GlobalSection(ExtensibilityGlobals) = postSolution
		SolutionGuid = {6AA3FD71-C5A6-4486-885E-832E81CD7161}
	EndGlobalSection
EndGlobal
